
Microsoft Visual Studio Solution File, Format Version 12.00
# Visual Studio Version 16
VisualStudioVersion = 16.0.30330.147
MinimumVisualStudioVersion = 10.0.40219.1
Project("{FAE04EC0-301F-11D3-BF4B-00C04F79EFBC}") = "FTP-Browser", "FTP-Browser\FTP-Browser.csproj", "{61D1932C-43AD-46C7-9A3A-5395D5A654D4}"
EndProject
Global
	GlobalSection(SolutionConfigurationPlatforms) = preSolution
		Debug|Any CPU = Debug|Any CPU
		Release|Any CPU = Release|Any CPU
	EndGlobalSection
	GlobalSection(ProjectConfigurationPlatforms) = postSolution
		{61D1932C-43AD-46C7-9A3A-5395D5A654D4}.Debug|Any CPU.ActiveCfg = Debug|Any CPU
		{61D1932C-43AD-46C7-9A3A-5395D5A654D4}.Debug|Any CPU.Build.0 = Debug|Any CPU
		{61D1932C-43AD-46C7-9A3A-5395D5A654D4}.Release|Any CPU.ActiveCfg = Release|Any CPU
		{61D1932C-43AD-46C7-9A3A-5395D5A654D4}.Release|Any CPU.Build.0 = Release|Any CPU
	EndGlobalSection
	GlobalSection(SolutionProperties) = preSolution
		HideSolutionNode = FALSE
	EndGlobalSection
	GlobalSection(ExtensibilityGlobals) = postSolution
		SolutionGuid = {6B6A4D24-F4A9-4378-87F0-49E62874D669}
	EndGlobalSection
EndGlobal
